
Microsoft Visual Studio Solution File, Format Version 12.00
# Visual Studio Version 16
VisualStudioVersion = 16.0.28803.202
MinimumVisualStudioVersion = 10.0.40219.1
Project("{2150E333-8FDC-42A3-9474-1A3956D46DE8}") = "solution-items", "solution-items", "{1B2C8859-C711-454E-B9BE-AE4767BCA1AC}"
	ProjectSection(SolutionItems) = preProject
		.gitattributes = .gitattributes
		.gitignore = .gitignore
		LICENSE = LICENSE
		plus.kit.sln = plus.kit.sln
		README.md = README.md
	EndProjectSection
EndProject
Project("{9A19103F-16F7-4668-BE54-9A1E7A4F7556}") = "Plus.Kit.DI", "src\Plus.Kit.DI\Plus.Kit.DI.csproj", "{5DDAE5AA-4FD9-471E-9865-1D6FB63D2631}"
EndProject
Project("{2150E333-8FDC-42A3-9474-1A3956D46DE8}") = "stc", "stc", "{EB74D49D-8387-4FF1-9A42-01F9E5512C38}"
EndProject
Project("{2150E333-8FDC-42A3-9474-1A3956D46DE8}") = "test", "test", "{821A736E-3610-43DB-B977-D699D4C2BC18}"
EndProject
Project("{FAE04EC0-301F-11D3-BF4B-00C04F79EFBC}") = "Plus.Kit", "test\Plus.Kit\Plus.Kit.csproj", "{9605BCB3-E9BF-478E-95FF-210855B4AB97}"
EndProject
Global
	GlobalSection(SolutionConfigurationPlatforms) = preSolution
		Debug|Any CPU = Debug|Any CPU
		Release|Any CPU = Release|Any CPU
	EndGlobalSection
	GlobalSection(ProjectConfigurationPlatforms) = postSolution
		{5DDAE5AA-4FD9-471E-9865-1D6FB63D2631}.Debug|Any CPU.ActiveCfg = Debug|Any CPU
		{5DDAE5AA-4FD9-471E-9865-1D6FB63D2631}.Debug|Any CPU.Build.0 = Debug|Any CPU
		{5DDAE5AA-4FD9-471E-9865-1D6FB63D2631}.Release|Any CPU.ActiveCfg = Release|Any CPU
		{5DDAE5AA-4FD9-471E-9865-1D6FB63D2631}.Release|Any CPU.Build.0 = Release|Any CPU
		{9605BCB3-E9BF-478E-95FF-210855B4AB97}.Debug|Any CPU.ActiveCfg = Debug|Any CPU
		{9605BCB3-E9BF-478E-95FF-210855B4AB97}.Debug|Any CPU.Build.0 = Debug|Any CPU
		{9605BCB3-E9BF-478E-95FF-210855B4AB97}.Release|Any CPU.ActiveCfg = Release|Any CPU
		{9605BCB3-E9BF-478E-95FF-210855B4AB97}.Release|Any CPU.Build.0 = Release|Any CPU
	EndGlobalSection
	GlobalSection(SolutionProperties) = preSolution
		HideSolutionNode = FALSE
	EndGlobalSection
	GlobalSection(NestedProjects) = preSolution
		{5DDAE5AA-4FD9-471E-9865-1D6FB63D2631} = {EB74D49D-8387-4FF1-9A42-01F9E5512C38}
		{9605BCB3-E9BF-478E-95FF-210855B4AB97} = {821A736E-3610-43DB-B977-D699D4C2BC18}
	EndGlobalSection
	GlobalSection(ExtensibilityGlobals) = postSolution
		SolutionGuid = {6166CB44-8FBE-4E9D-9262-4D62EF7547AD}
	EndGlobalSection
EndGlobal
